<?xml version="1.0" encoding="utf-8"?>
<Project ToolsVersion="4.0" xmlns="http://schemas.microsoft.com/developer/msbuild/2003">
  <ItemGroup>
    <Filter Include="源文件">
      <UniqueIdentifier>{4FC737F1-C7A5-4376-A066-2A32D752A2FF}</UniqueIdentifier>
      <Extensions>cpp;c;cc;cxx;def;odl;idl;hpj;bat;asm;asmx</Extensions>
    </Filter>
    <Filter Include="头文件">
      <UniqueIdentifier>{93995380-89BD-4b04-88EB-625FBE52EBFB}</UniqueIdentifier>
      <Extensions>h;hh;hpp;hxx;hm;inl;inc;xsd</Extensions>
    </Filter>
    <Filter Include="资源文件">
      <UniqueIdentifier>{67DA6AB6-F800-4c08-8B7A-83BB121AAD01}</UniqueIdentifier>
      <Extensions>rc;ico;cur;bmp;dlg;rc2;rct;bin;rgs;gif;jpg;jpeg;jpe;resx;tiff;tif;png;wav;mfcribbon-ms</Extensions>
    </Filter>
  </ItemGroup>
  <ItemGroup>
    <ClCompile Include="timeStamp.cpp">
      <Filter>源文件</Filter>
    </ClCompile>
    <ClCompile Include="testPrintf.cpp">
      <Filter>源文件</Filter>
    </ClCompile>
    <ClCompile Include="findDuplicate.cpp">
      <Filter>源文件</Filter>
    </ClCompile>
    <ClCompile Include="findMissingPositive.cpp">
      <Filter>源文件</Filter>
    </ClCompile>
    <ClCompile Include="perfectSquares.cpp">
      <Filter>源文件</Filter>
    </ClCompile>
    <ClCompile Include="wordLadderII.cpp">
      <Filter>源文件</Filter>
    </ClCompile>
    <ClCompile Include="wordBreak.cpp">
      <Filter>源文件</Filter>
    </ClCompile>
    <ClCompile Include="wordBreakII.cpp">
      <Filter>源文件</Filter>
    </ClCompile>
    <ClCompile Include="uniquePaths.cpp">
      <Filter>源文件</Filter>
    </ClCompile>
    <ClCompile Include="uniquePathsII.cpp">
      <Filter>源文件</Filter>
    </ClCompile>
    <ClCompile Include="uniqueBinarySearchTrees.cpp">
      <Filter>源文件</Filter>
    </ClCompile>
    <ClCompile Include="bestTimeToBuyAndSellStock.cpp">
      <Filter>源文件</Filter>
    </ClCompile>
    <ClCompile Include="climbingStairs.cpp">
      <Filter>源文件</Filter>
    </ClCompile>
    <ClCompile Include="decodingWays.cpp">
      <Filter>源文件</Filter>
    </ClCompile>
    <ClCompile Include="dungeonGame.cpp">
      <Filter>源文件</Filter>
    </ClCompile>
    <ClCompile Include="mySqrt.cpp">
      <Filter>源文件</Filter>
    </ClCompile>
    <ClCompile Include="divide.cpp">
      <Filter>源文件</Filter>
    </ClCompile>
    <ClCompile Include="simplifyPath.cpp">
      <Filter>源文件</Filter>
    </ClCompile>
    <ClCompile Include="zigzagConversion.cpp">
      <Filter>源文件</Filter>
    </ClCompile>
    <ClCompile Include="findSubstring.cpp">
      <Filter>源文件</Filter>
    </ClCompile>
    <ClCompile Include="letterCombination.cpp">
      <Filter>源文件</Filter>
    </ClCompile>
    <ClCompile Include="fractionToDecimal.cpp">
      <Filter>源文件</Filter>
    </ClCompile>
    <ClCompile Include="reverseBits.cpp">
      <Filter>源文件</Filter>
    </ClCompile>
    <ClCompile Include="removeSpaces.cpp">
      <Filter>源文件</Filter>
    </ClCompile>
    <ClCompile Include="groupAnagrams.cpp">
      <Filter>源文件</Filter>
    </ClCompile>
    <ClCompile Include="calculate.cpp">
      <Filter>源文件</Filter>
    </ClCompile>
    <ClCompile Include="longestConsecutive.cpp">
      <Filter>源文件</Filter>
    </ClCompile>
    <ClCompile Include="generateParenthesis.cpp">
      <Filter>源文件</Filter>
    </ClCompile>
    <ClCompile Include="compareVersion.cpp">
      <Filter>源文件</Filter>
    </ClCompile>
  </ItemGroup>
</Project>